
Microsoft Visual Studio Solution File, Format Version 12.00
# Visual Studio Version 17
VisualStudioVersion = 17.0.31903.59
MinimumVisualStudioVersion = 10.0.40219.1
Project("{2150E333-8FDC-42A3-9474-1A3956D46DE8}") = "src", "src", "{7AFF66D2-B07B-456D-9622-27C5661FDF32}"
EndProject
Project("{FAE04EC0-301F-11D3-BF4B-00C04F79EFBC}") = "OrderManagement.Domain", "src\OrderManagement.Domain\OrderManagement.Domain.csproj", "{B4E336B0-190D-487E-90DD-23D327F717D8}"
EndProject
Project("{FAE04EC0-301F-11D3-BF4B-00C04F79EFBC}") = "OrderManagement.Application", "src\OrderManagement.Application\OrderManagement.Application.csproj", "{50C57C83-7C9A-4CA7-BEC8-3249DAA1BFC6}"
EndProject
Project("{FAE04EC0-301F-11D3-BF4B-00C04F79EFBC}") = "OrderManagement.Infrastructure", "src\OrderManagement.Infrastructure\OrderManagement.Infrastructure.csproj", "{CCD79993-70EF-4BA8-9704-7B6A9B8A5033}"
EndProject
Project("{FAE04EC0-301F-11D3-BF4B-00C04F79EFBC}") = "OrderManagement.Api", "src\OrderManagement.Api\OrderManagement.Api.csproj", "{C783B8E0-FEFA-469A-A4D2-62D7E7B5F850}"
EndProject
Project("{2150E333-8FDC-42A3-9474-1A3956D46DE8}") = "tests", "tests", "{09D0D4F6-3E89-415E-AA86-B6B722F0FF7A}"
EndProject
Project("{FAE04EC0-301F-11D3-BF4B-00C04F79EFBC}") = "OrderManagement.Application.Tests", "tests\OrderManagement.Application.Tests\OrderManagement.Application.Tests.csproj", "{A6EC8569-E2B5-46B2-B709-34D4935FB786}"
EndProject
Project("{FAE04EC0-301F-11D3-BF4B-00C04F79EFBC}") = "OrderManagement.Api.Tests", "tests\OrderManagement.Api.Tests\OrderManagement.Api.Tests.csproj", "{CD8E9435-3867-48A5-AFD6-6965B7197BF9}"
EndProject
Global
	GlobalSection(SolutionConfigurationPlatforms) = preSolution
		Debug|Any CPU = Debug|Any CPU
		Debug|x64 = Debug|x64
		Debug|x86 = Debug|x86
		Release|Any CPU = Release|Any CPU
		Release|x64 = Release|x64
		Release|x86 = Release|x86
	EndGlobalSection
	GlobalSection(ProjectConfigurationPlatforms) = postSolution
		{B4E336B0-190D-487E-90DD-23D327F717D8}.Debug|Any CPU.ActiveCfg = Debug|Any CPU
		{B4E336B0-190D-487E-90DD-23D327F717D8}.Debug|Any CPU.Build.0 = Debug|Any CPU
		{B4E336B0-190D-487E-90DD-23D327F717D8}.Debug|x64.ActiveCfg = Debug|Any CPU
		{B4E336B0-190D-487E-90DD-23D327F717D8}.Debug|x64.Build.0 = Debug|Any CPU
		{B4E336B0-190D-487E-90DD-23D327F717D8}.Debug|x86.ActiveCfg = Debug|Any CPU
		{B4E336B0-190D-487E-90DD-23D327F717D8}.Debug|x86.Build.0 = Debug|Any CPU
		{B4E336B0-190D-487E-90DD-23D327F717D8}.Release|Any CPU.ActiveCfg = Release|Any CPU
		{B4E336B0-190D-487E-90DD-23D327F717D8}.Release|Any CPU.Build.0 = Release|Any CPU
		{B4E336B0-190D-487E-90DD-23D327F717D8}.Release|x64.ActiveCfg = Release|Any CPU
		{B4E336B0-190D-487E-90DD-23D327F717D8}.Release|x64.Build.0 = Release|Any CPU
		{B4E336B0-190D-487E-90DD-23D327F717D8}.Release|x86.ActiveCfg = Release|Any CPU
		{B4E336B0-190D-487E-90DD-23D327F717D8}.Release|x86.Build.0 = Release|Any CPU
		{50C57C83-7C9A-4CA7-BEC8-3249DAA1BFC6}.Debug|Any CPU.ActiveCfg = Debug|Any CPU
		{50C57C83-7C9A-4CA7-BEC8-3249DAA1BFC6}.Debug|Any CPU.Build.0 = Debug|Any CPU
		{50C57C83-7C9A-4CA7-BEC8-3249DAA1BFC6}.Debug|x64.ActiveCfg = Debug|Any CPU
		{50C57C83-7C9A-4CA7-BEC8-3249DAA1BFC6}.Debug|x64.Build.0 = Debug|Any CPU
		{50C57C83-7C9A-4CA7-BEC8-3249DAA1BFC6}.Debug|x86.ActiveCfg = Debug|Any CPU
		{50C57C83-7C9A-4CA7-BEC8-3249DAA1BFC6}.Debug|x86.Build.0 = Debug|Any CPU
		{50C57C83-7C9A-4CA7-BEC8-3249DAA1BFC6}.Release|Any CPU.ActiveCfg = Release|Any CPU
		{50C57C83-7C9A-4CA7-BEC8-3249DAA1BFC6}.Release|Any CPU.Build.0 = Release|Any CPU
		{50C57C83-7C9A-4CA7-BEC8-3249DAA1BFC6}.Release|x64.ActiveCfg = Release|Any CPU
		{50C57C83-7C9A-4CA7-BEC8-3249DAA1BFC6}.Release|x64.Build.0 = Release|Any CPU
		{50C57C83-7C9A-4CA7-BEC8-3249DAA1BFC6}.Release|x86.ActiveCfg = Release|Any CPU
		{50C57C83-7C9A-4CA7-BEC8-3249DAA1BFC6}.Release|x86.Build.0 = Release|Any CPU
		{CCD79993-70EF-4BA8-9704-7B6A9B8A5033}.Debug|Any CPU.ActiveCfg = Debug|Any CPU
		{CCD79993-70EF-4BA8-9704-7B6A9B8A5033}.Debug|Any CPU.Build.0 = Debug|Any CPU
		{CCD79993-70EF-4BA8-9704-7B6A9B8A5033}.Debug|x64.ActiveCfg = Debug|Any CPU
		{CCD79993-70EF-4BA8-9704-7B6A9B8A5033}.Debug|x64.Build.0 = Debug|Any CPU
		{CCD79993-70EF-4BA8-9704-7B6A9B8A5033}.Debug|x86.ActiveCfg = Debug|Any CPU
		{CCD79993-70EF-4BA8-9704-7B6A9B8A5033}.Debug|x86.Build.0 = Debug|Any CPU
		{CCD79993-70EF-4BA8-9704-7B6A9B8A5033}.Release|Any CPU.ActiveCfg = Release|Any CPU
		{CCD79993-70EF-4BA8-9704-7B6A9B8A5033}.Release|Any CPU.Build.0 = Release|Any CPU
		{CCD79993-70EF-4BA8-9704-7B6A9B8A5033}.Release|x64.ActiveCfg = Release|Any CPU
		{CCD79993-70EF-4BA8-9704-7B6A9B8A5033}.Release|x64.Build.0 = Release|Any CPU
		{CCD79993-70EF-4BA8-9704-7B6A9B8A5033}.Release|x86.ActiveCfg = Release|Any CPU
		{CCD79993-70EF-4BA8-9704-7B6A9B8A5033}.Release|x86.Build.0 = Release|Any CPU
		{C783B8E0-FEFA-469A-A4D2-62D7E7B5F850}.Debug|Any CPU.ActiveCfg = Debug|Any CPU
		{C783B8E0-FEFA-469A-A4D2-62D7E7B5F850}.Debug|Any CPU.Build.0 = Debug|Any CPU
		{C783B8E0-FEFA-469A-A4D2-62D7E7B5F850}.Debug|x64.ActiveCfg = Debug|Any CPU
		{C783B8E0-FEFA-469A-A4D2-62D7E7B5F850}.Debug|x64.Build.0 = Debug|Any CPU
		{C783B8E0-FEFA-469A-A4D2-62D7E7B5F850}.Debug|x86.ActiveCfg = Debug|Any CPU
		{C783B8E0-FEFA-469A-A4D2-62D7E7B5F850}.Debug|x86.Build.0 = Debug|Any CPU
		{C783B8E0-FEFA-469A-A4D2-62D7E7B5F850}.Release|Any CPU.ActiveCfg = Release|Any CPU
		{C783B8E0-FEFA-469A-A4D2-62D7E7B5F850}.Release|Any CPU.Build.0 = Release|Any CPU
		{C783B8E0-FEFA-469A-A4D2-62D7E7B5F850}.Release|x64.ActiveCfg = Release|Any CPU
		{C783B8E0-FEFA-469A-A4D2-62D7E7B5F850}.Release|x64.Build.0 = Release|Any CPU
		{C783B8E0-FEFA-469A-A4D2-62D7E7B5F850}.Release|x86.ActiveCfg = Release|Any CPU
		{C783B8E0-FEFA-469A-A4D2-62D7E7B5F850}.Release|x86.Build.0 = Release|Any CPU
		{A6EC8569-E2B5-46B2-B709-34D4935FB786}.Debug|Any CPU.ActiveCfg = Debug|Any CPU
		{A6EC8569-E2B5-46B2-B709-34D4935FB786}.Debug|Any CPU.Build.0 = Debug|Any CPU
		{A6EC8569-E2B5-46B2-B709-34D4935FB786}.Debug|x64.ActiveCfg = Debug|Any CPU
		{A6EC8569-E2B5-46B2-B709-34D4935FB786}.Debug|x64.Build.0 = Debug|Any CPU
		{A6EC8569-E2B5-46B2-B709-34D4935FB786}.Debug|x86.ActiveCfg = Debug|Any CPU
		{A6EC8569-E2B5-46B2-B709-34D4935FB786}.Debug|x86.Build.0 = Debug|Any CPU
		{A6EC8569-E2B5-46B2-B709-34D4935FB786}.Release|Any CPU.ActiveCfg = Release|Any CPU
		{A6EC8569-E2B5-46B2-B709-34D4935FB786}.Release|Any CPU.Build.0 = Release|Any CPU
		{A6EC8569-E2B5-46B2-B709-34D4935FB786}.Release|x64.ActiveCfg = Release|Any CPU
		{A6EC8569-E2B5-46B2-B709-34D4935FB786}.Release|x64.Build.0 = Release|Any CPU
		{A6EC8569-E2B5-46B2-B709-34D4935FB786}.Release|x86.ActiveCfg = Release|Any CPU
		{A6EC8569-E2B5-46B2-B709-34D4935FB786}.Release|x86.Build.0 = Release|Any CPU
		{CD8E9435-3867-48A5-AFD6-6965B7197BF9}.Debug|Any CPU.ActiveCfg = Debug|Any CPU
		{CD8E9435-3867-48A5-AFD6-6965B7197BF9}.Debug|Any CPU.Build.0 = Debug|Any CPU
		{CD8E9435-3867-48A5-AFD6-6965B7197BF9}.Debug|x64.ActiveCfg = Debug|Any CPU
		{CD8E9435-3867-48A5-AFD6-6965B7197BF9}.Debug|x64.Build.0 = Debug|Any CPU
		{CD8E9435-3867-48A5-AFD6-6965B7197BF9}.Debug|x86.ActiveCfg = Debug|Any CPU
		{CD8E9435-3867-48A5-AFD6-6965B7197BF9}.Debug|x86.Build.0 = Debug|Any CPU
		{CD8E9435-3867-48A5-AFD6-6965B7197BF9}.Release|Any CPU.ActiveCfg = Release|Any CPU
		{CD8E9435-3867-48A5-AFD6-6965B7197BF9}.Release|Any CPU.Build.0 = Release|Any CPU
		{CD8E9435-3867-48A5-AFD6-6965B7197BF9}.Release|x64.ActiveCfg = Release|Any CPU
		{CD8E9435-3867-48A5-AFD6-6965B7197BF9}.Release|x64.Build.0 = Release|Any CPU
		{CD8E9435-3867-48A5-AFD6-6965B7197BF9}.Release|x86.ActiveCfg = Release|Any CPU
		{CD8E9435-3867-48A5-AFD6-6965B7197BF9}.Release|x86.Build.0 = Release|Any CPU
	EndGlobalSection
	GlobalSection(SolutionProperties) = preSolution
		HideSolutionNode = FALSE
	EndGlobalSection
	GlobalSection(NestedProjects) = preSolution
		{B4E336B0-190D-487E-90DD-23D327F717D8} = {7AFF66D2-B07B-456D-9622-27C5661FDF32}
		{50C57C83-7C9A-4CA7-BEC8-3249DAA1BFC6} = {7AFF66D2-B07B-456D-9622-27C5661FDF32}
		{CCD79993-70EF-4BA8-9704-7B6A9B8A5033} = {7AFF66D2-B07B-456D-9622-27C5661FDF32}
		{C783B8E0-FEFA-469A-A4D2-62D7E7B5F850} = {7AFF66D2-B07B-456D-9622-27C5661FDF32}
		{A6EC8569-E2B5-46B2-B709-34D4935FB786} = {09D0D4F6-3E89-415E-AA86-B6B722F0FF7A}
		{CD8E9435-3867-48A5-AFD6-6965B7197BF9} = {09D0D4F6-3E89-415E-AA86-B6B722F0FF7A}
	EndGlobalSection
EndGlobal
